
Microsoft Visual Studio Solution File, Format Version 12.00
# Visual Studio Version 16
VisualStudioVersion = 16.0.30611.23
MinimumVisualStudioVersion = 10.0.40219.1
Project("{FAE04EC0-301F-11D3-BF4B-00C04F79EFBC}") = "CavesOfQud", "CavesOfQud\CavesOfQud.csproj", "{52AD65B6-6F21-4D45-95BA-88FB7175D295}"
EndProject
Global
	GlobalSection(SolutionConfigurationPlatforms) = preSolution
		Debug|Any CPU = Debug|Any CPU
		Release|Any CPU = Release|Any CPU
	EndGlobalSection
	GlobalSection(ProjectConfigurationPlatforms) = postSolution
		{52AD65B6-6F21-4D45-95BA-88FB7175D295}.Debug|Any CPU.ActiveCfg = Debug|Any CPU
		{52AD65B6-6F21-4D45-95BA-88FB7175D295}.Debug|Any CPU.Build.0 = Debug|Any CPU
		{52AD65B6-6F21-4D45-95BA-88FB7175D295}.Release|Any CPU.ActiveCfg = Release|Any CPU
		{52AD65B6-6F21-4D45-95BA-88FB7175D295}.Release|Any CPU.Build.0 = Release|Any CPU
	EndGlobalSection
	GlobalSection(SolutionProperties) = preSolution
		HideSolutionNode = FALSE
	EndGlobalSection
	GlobalSection(ExtensibilityGlobals) = postSolution
		SolutionGuid = {5AD2662B-698D-48C5-9137-43F31933CC79}
	EndGlobalSection
EndGlobal
